
Microsoft Visual Studio Solution File, Format Version 12.00
# Visual Studio Version 17
VisualStudioVersion = 17.0.31903.59
MinimumVisualStudioVersion = 10.0.40219.1
Project("{2150E333-8FDC-42A3-9474-1A3956D46DE8}") = "app", "app", "{6F920354-931E-4EED-83CB-CCDA90E6C6CE}"
EndProject
Project("{2150E333-8FDC-42A3-9474-1A3956D46DE8}") = "src", "src", "{DD952B37-2B68-48C1-BFEB-EA3CD82C5AAF}"
EndProject
Project("{FAE04EC0-301F-11D3-BF4B-00C04F79EFBC}") = "TradeApi", "app\src\TradeApi\TradeApi.csproj", "{EBFCF232-0AE2-4673-86FF-B8F108A878CA}"
EndProject
Project("{2150E333-8FDC-42A3-9474-1A3956D46DE8}") = "tests", "tests", "{6CE1AC01-1277-4FB5-89A1-AF74708E5471}"
EndProject
Project("{FAE04EC0-301F-11D3-BF4B-00C04F79EFBC}") = "TradeApi.Tests", "app\tests\TradeApi.Tests\TradeApi.Tests.csproj", "{A2D7A000-6766-4219-9216-22BCF7A2034F}"
EndProject
Global
	GlobalSection(SolutionConfigurationPlatforms) = preSolution
		Debug|Any CPU = Debug|Any CPU
		Release|Any CPU = Release|Any CPU
	EndGlobalSection
	GlobalSection(SolutionProperties) = preSolution
		HideSolutionNode = FALSE
	EndGlobalSection
	GlobalSection(ProjectConfigurationPlatforms) = postSolution
		{EBFCF232-0AE2-4673-86FF-B8F108A878CA}.Debug|Any CPU.ActiveCfg = Debug|Any CPU
		{EBFCF232-0AE2-4673-86FF-B8F108A878CA}.Debug|Any CPU.Build.0 = Debug|Any CPU
		{EBFCF232-0AE2-4673-86FF-B8F108A878CA}.Release|Any CPU.ActiveCfg = Release|Any CPU
		{EBFCF232-0AE2-4673-86FF-B8F108A878CA}.Release|Any CPU.Build.0 = Release|Any CPU
		{A2D7A000-6766-4219-9216-22BCF7A2034F}.Debug|Any CPU.ActiveCfg = Debug|Any CPU
		{A2D7A000-6766-4219-9216-22BCF7A2034F}.Debug|Any CPU.Build.0 = Debug|Any CPU
		{A2D7A000-6766-4219-9216-22BCF7A2034F}.Release|Any CPU.ActiveCfg = Release|Any CPU
		{A2D7A000-6766-4219-9216-22BCF7A2034F}.Release|Any CPU.Build.0 = Release|Any CPU
	EndGlobalSection
	GlobalSection(NestedProjects) = preSolution
		{DD952B37-2B68-48C1-BFEB-EA3CD82C5AAF} = {6F920354-931E-4EED-83CB-CCDA90E6C6CE}
		{EBFCF232-0AE2-4673-86FF-B8F108A878CA} = {DD952B37-2B68-48C1-BFEB-EA3CD82C5AAF}
		{6CE1AC01-1277-4FB5-89A1-AF74708E5471} = {6F920354-931E-4EED-83CB-CCDA90E6C6CE}
		{A2D7A000-6766-4219-9216-22BCF7A2034F} = {6CE1AC01-1277-4FB5-89A1-AF74708E5471}
	EndGlobalSection
EndGlobal
